// !$*UTF8*$!
{
	archiveVersion = 1;
	classes = {
	};
	objectVersion = 46;
	objects = {

/* Begin PBXBuildFile section */
		D0F0B3681D7E004800D37ABB /* AppDelegate.swift in Sources */ = {isa = PBXBuildFile; fileRef = D0F0B3671D7E004800D37ABB /* AppDelegate.swift */; };
		D0F0B36D1D7E004800D37ABB /* Main.storyboard in Resources */ = {isa = PBXBuildFile; fileRef = D0F0B36B1D7E004800D37ABB /* Main.storyboard */; };
		D0F0B36F1D7E004800D37ABB /* Assets.xcassets in Resources */ = {isa = PBXBuildFile; fileRef = D0F0B36E1D7E004800D37ABB /* Assets.xcassets */; };
		D0F0B3721D7E004800D37ABB /* LaunchScreen.storyboard in Resources */ = {isa = PBXBuildFile; fileRef = D0F0B3701D7E004800D37ABB /* LaunchScreen.storyboard */; };
		D0F0B37C1D7E011800D37ABB /* Rep.swift in Sources */ = {isa = PBXBuildFile; fileRef = D0F0B37B1D7E011800D37ABB /* Rep.swift */; };
		D0F0B37E1D7E011F00D37ABB /* RepController.swift in Sources */ = {isa = PBXBuildFile; fileRef = D0F0B37D1D7E011F00D37ABB /* RepController.swift */; };
		D0F0B3821D7E014000D37ABB /* StateTableViewController.swift in Sources */ = {isa = PBXBuildFile; fileRef = D0F0B3811D7E014000D37ABB /* StateTableViewController.swift */; };
		D0F0B3871D7E03BA00D37ABB /* StateContoller.swift in Sources */ = {isa = PBXBuildFile; fileRef = D0F0B3861D7E03BA00D37ABB /* StateContoller.swift */; };
		D0F0B3891D7E086400D37ABB /* Network Controller.swift in Sources */ = {isa = PBXBuildFile; fileRef = D0F0B3881D7E086400D37ABB /* Network Controller.swift */; };
		D0F0B38B1D7E0D8A00D37ABB /* RepViewController.swift in Sources */ = {isa = PBXBuildFile; fileRef = D0F0B38A1D7E0D8A00D37ABB /* RepViewController.swift */; };
/* End PBXBuildFile section */

/* Begin PBXFileReference section */
		D0F0B3641D7E004800D37ABB /* Rep2.0.app */ = {isa = PBXFileReference; explicitFileType = wrapper.application; includeInIndex = 0; path = Rep2.0.app; sourceTree = BUILT_PRODUCTS_DIR; };
		D0F0B3671D7E004800D37ABB /* AppDelegate.swift */ = {isa = PBXFileReference; lastKnownFileType = sourcecode.swift; path = AppDelegate.swift; sourceTree = "<group>"; };
		D0F0B36C1D7E004800D37ABB /* Base */ = {isa = PBXFileReference; lastKnownFileType = file.storyboard; name = Base; path = Base.lproj/Main.storyboard; sourceTree = "<group>"; };
		D0F0B36E1D7E004800D37ABB /* Assets.xcassets */ = {isa = PBXFileReference; lastKnownFileType = folder.assetcatalog; path = Assets.xcassets; sourceTree = "<group>"; };
		D0F0B3711D7E004800D37ABB /* Base */ = {isa = PBXFileReference; lastKnownFileType = file.storyboard; name = Base; path = Base.lproj/LaunchScreen.storyboard; sourceTree = "<group>"; };
		D0F0B3731D7E004800D37ABB /* Info.plist */ = {isa = PBXFileReference; lastKnownFileType = text.plist.xml; path = Info.plist; sourceTree = "<group>"; };
		D0F0B37B1D7E011800D37ABB /* Rep.swift */ = {isa = PBXFileReference; fileEncoding = 4; lastKnownFileType = sourcecode.swift; path = Rep.swift; sourceTree = "<group>"; };
		D0F0B37D1D7E011F00D37ABB /* RepController.swift */ = {isa = PBXFileReference; fileEncoding = 4; lastKnownFileType = sourcecode.swift; path = RepController.swift; sourceTree = "<group>"; };
		D0F0B3811D7E014000D37ABB /* StateTableViewController.swift */ = {isa = PBXFileReference; fileEncoding = 4; lastKnownFileType = sourcecode.swift; name = StateTableViewController.swift; path = ../StateTableViewController.swift; sourceTree = "<group>"; };
		D0F0B3861D7E03BA00D37ABB /* StateContoller.swift */ = {isa = PBXFileReference; fileEncoding = 4; lastKnownFileType = sourcecode.swift; path = StateContoller.swift; sourceTree = "<group>"; };
		D0F0B3881D7E086400D37ABB /* Network Controller.swift */ = {isa = PBXFileReference; fileEncoding = 4; lastKnownFileType = sourcecode.swift; path = "Network Controller.swift"; sourceTree = "<group>"; };
		D0F0B38A1D7E0D8A00D37ABB /* RepViewController.swift */ = {isa = PBXFileReference; fileEncoding = 4; lastKnownFileType = sourcecode.swift; name = RepViewController.swift; path = ../RepViewController.swift; sourceTree = "<group>"; };
/* End PBXFileReference section */

/* Begin PBXFrameworksBuildPhase section */
		D0F0B3611D7E004800D37ABB /* Frameworks */ = {
			isa = PBXFrameworksBuildPhase;
			buildActionMask = 2147483647;
			files = (
			);
			runOnlyForDeploymentPostprocessing = 0;
		};
/* End PBXFrameworksBuildPhase section */

/* Begin PBXGroup section */
		D0F0B35B1D7E004800D37ABB = {
			isa = PBXGroup;
			children = (
				D0F0B3661D7E004800D37ABB /* Rep2.0 */,
				D0F0B3651D7E004800D37ABB /* Products */,
			);
			sourceTree = "<group>";
		};
		D0F0B3651D7E004800D37ABB /* Products */ = {
			isa = PBXGroup;
			children = (
				D0F0B3641D7E004800D37ABB /* Rep2.0.app */,
			);
			name = Products;
			sourceTree = "<group>";
		};
		D0F0B3661D7E004800D37ABB /* Rep2.0 */ = {
			isa = PBXGroup;
			children = (
				D0F0B3851D7E017300D37ABB /* Model */,
				D0F0B3841D7E015D00D37ABB /* Model Controller */,
				D0F0B3831D7E014C00D37ABB /* View Controllers */,
				D0F0B36B1D7E004800D37ABB /* Main.storyboard */,
				D0F0B36E1D7E004800D37ABB /* Assets.xcassets */,
				D0F0B3701D7E004800D37ABB /* LaunchScreen.storyboard */,
				D0F0B3671D7E004800D37ABB /* AppDelegate.swift */,
				D0F0B3731D7E004800D37ABB /* Info.plist */,
			);
			path = Rep2.0;
			sourceTree = "<group>";
		};
		D0F0B3831D7E014C00D37ABB /* View Controllers */ = {
			isa = PBXGroup;
			children = (
				D0F0B3811D7E014000D37ABB /* StateTableViewController.swift */,
				D0F0B38A1D7E0D8A00D37ABB /* RepViewController.swift */,
			);
			name = "View Controllers";
			sourceTree = "<group>";
		};
		D0F0B3841D7E015D00D37ABB /* Model Controller */ = {
			isa = PBXGroup;
			children = (
				D0F0B3861D7E03BA00D37ABB /* StateContoller.swift */,
				D0F0B37D1D7E011F00D37ABB /* RepController.swift */,
				D0F0B3881D7E086400D37ABB /* Network Controller.swift */,
			);
			name = "Model Controller";
			sourceTree = "<group>";
		};
		D0F0B3851D7E017300D37ABB /* Model */ = {
			isa = PBXGroup;
			children = (
				D0F0B37B1D7E011800D37ABB /* Rep.swift */,
			);
			name = Model;
			sourceTree = "<group>";
		};
/* End PBXGroup section */

/* Begin PBXNativeTarget section */
		D0F0B3631D7E004800D37ABB /* Rep2.0 */ = {
			isa = PBXNativeTarget;
			buildConfigurationList = D0F0B3761D7E004800D37ABB /* Build configuration list for PBXNativeTarget "Rep2.0" */;
			buildPhases = (
				D0F0B3601D7E004800D37ABB /* Sources */,
				D0F0B3611D7E004800D37ABB /* Frameworks */,
				D0F0B3621D7E004800D37ABB /* Resources */,
			);
			buildRules = (
			);
			dependencies = (
			);
			name = Rep2.0;
			productName = Rep2.0;
			productReference = D0F0B3641D7E004800D37ABB /* Rep2.0.app */;
			productType = "com.apple.product-type.application";
		};
/* End PBXNativeTarget section */

/* Begin PBXProject section */
		D0F0B35C1D7E004800D37ABB /* Project object */ = {
			isa = PBXProject;
			attributes = {
				LastSwiftUpdateCheck = 0730;
				LastUpgradeCheck = 0730;
				ORGANIZATIONNAME = "Justin Carver";
				TargetAttributes = {
					D0F0B3631D7E004800D37ABB = {
						CreatedOnToolsVersion = 7.3.1;
						DevelopmentTeam = CWLLFTCWHP;
					};
				};
			};
			buildConfigurationList = D0F0B35F1D7E004800D37ABB /* Build configuration list for PBXProject "Rep2.0" */;
			compatibilityVersion = "Xcode 3.2";
			developmentRegion = English;
			hasScannedForEncodings = 0;
			knownRegions = (
				en,
				Base,
			);
			mainGroup = D0F0B35B1D7E004800D37ABB;
			productRefGroup = D0F0B3651D7E004800D37ABB /* Products */;
			projectDirPath = "";
			projectRoot = "";
			targets = (
				D0F0B3631D7E004800D37ABB /* Rep2.0 */,
			);
		};
/* End PBXProject section */

/* Begin PBXResourcesBuildPhase section */
		D0F0B3621D7E004800D37ABB /* Resources */ = {
			isa = PBXResourcesBuildPhase;
			buildActionMask = 2147483647;
			files = (
				D0F0B3721D7E004800D37ABB /* LaunchScreen.storyboard in Resources */,
				D0F0B36F1D7E004800D37ABB /* Assets.xcassets in Resources */,
				D0F0B36D1D7E004800D37ABB /* Main.storyboard in Resources */,
			);
			runOnlyForDeploymentPostprocessing = 0;
		};
/* End PBXResourcesBuildPhase section */

/* Begin PBXSourcesBuildPhase section */
		D0F0B3601D7E004800D37ABB /* Sources */ = {
			isa = PBXSourcesBuildPhase;
			buildActionMask = 2147483647;
			files = (
				D0F0B3821D7E014000D37ABB /* StateTableViewController.swift in Sources */,
				D0F0B38B1D7E0D8A00D37ABB /* RepViewController.swift in Sources */,
				D0F0B3871D7E03BA00D37ABB /* StateContoller.swift in Sources */,
				D0F0B37E1D7E011F00D37ABB /* RepController.swift in Sources */,
				D0F0B3681D7E004800D37ABB /* AppDelegate.swift in Sources */,
				D0F0B37C1D7E011800D37ABB /* Rep.swift in Sources */,
				D0F0B3891D7E086400D37ABB /* Network Controller.swift in Sources */,
			);
			runOnlyForDeploymentPostprocessing = 0;
		};
/* End PBXSourcesBuildPhase section */

/* Begin PBXVariantGroup section */
		D0F0B36B1D7E004800D37ABB /* Main.storyboard */ = {
			isa = PBXVariantGroup;
			children = (
				D0F0B36C1D7E004800D37ABB /* Base */,
			);
			name = Main.storyboard;
			sourceTree = "<group>";
		};
		D0F0B3701D7E004800D37ABB /* LaunchScreen.storyboard */ = {
			isa = PBXVariantGroup;
			children = (
				D0F0B3711D7E004800D37ABB /* Base */,
			);
			name = LaunchScreen.storyboard;
			sourceTree = "<group>";
		};
/* End PBXVariantGroup section */

/* Begin XCBuildConfiguration section */
		D0F0B3741D7E004800D37ABB /* Debug */ = {
			isa = XCBuildConfiguration;
			buildSettings = {
				ALWAYS_SEARCH_USER_PATHS = NO;
				CLANG_ANALYZER_NONNULL = YES;
				CLANG_CXX_LANGUAGE_STANDARD = "gnu++0x";
				CLANG_CXX_LIBRARY = "libc++";
				CLANG_ENABLE_MODULES = YES;
				CLANG_ENABLE_OBJC_ARC = YES;
				CLANG_WARN_BOOL_CONVERSION = YES;
				CLANG_WARN_CONSTANT_CONVERSION = YES;
				CLANG_WARN_DIRECT_OBJC_ISA_USAGE = YES_ERROR;
				CLANG_WARN_EMPTY_BODY = YES;
				CLANG_WARN_ENUM_CONVERSION = YES;
				CLANG_WARN_INT_CONVERSION = YES;
				CLANG_WARN_OBJC_ROOT_CLASS = YES_ERROR;
				CLANG_WARN_UNREACHABLE_CODE = YES;
				CLANG_WARN__DUPLICATE_METHOD_MATCH = YES;
				"CODE_SIGN_IDENTITY[sdk=iphoneos*]" = "iPhone Developer";
				COPY_PHASE_STRIP = NO;
				DEBUG_INFORMATION_FORMAT = dwarf;
				ENABLE_STRICT_OBJC_MSGSEND = YES;
				ENABLE_TESTABILITY = YES;
				GCC_C_LANGUAGE_STANDARD = gnu99;
				GCC_DYNAMIC_NO_PIC = NO;
				GCC_NO_COMMON_BLOCKS = YES;
				GCC_OPTIMIZATION_LEVEL = 0;
				GCC_PREPROCESSOR_DEFINITIONS = (
					"DEBUG=1",
					"$(inherited)",
				);
				GCC_WARN_64_TO_32_BIT_CONVERSION = YES;
				GCC_WARN_ABOUT_RETURN_TYPE = YES_ERROR;
				GCC_WARN_UNDECLARED_SELECTOR = YES;
				GCC_WARN_UNINITIALIZED_AUTOS = YES_AGGRESSIVE;
				GCC_WARN_UNUSED_FUNCTION = YES;
				GCC_WARN_UNUSED_VARIABLE = YES;
				IPHONEOS_DEPLOYMENT_TARGET = 9.3;
				MTL_ENABLE_DEBUG_INFO = YES;
				ONLY_ACTIVE_ARCH = YES;
				SDKROOT = iphoneos;
				SWIFT_OPTIMIZATION_LEVEL = "-Onone";
				TARGETED_DEVICE_FAMILY = "1,2";
			};
			name = Debug;
		};
		D0F0B3751D7E004800D37ABB /* Release */ = {
			isa = XCBuildConfiguration;
			buildSettings = {
				ALWAYS_SEARCH_USER_PATHS = NO;
				CLANG_ANALYZER_NONNULL = YES;
				CLANG_CXX_LANGUAGE_STANDARD = "gnu++0x";
				CLANG_CXX_LIBRARY = "libc++";
				CLANG_ENABLE_MODULES = YES;
				CLANG_ENABLE_OBJC_ARC = YES;
				CLANG_WARN_BOOL_CONVERSION = YES;
				CLANG_WARN_CONSTANT_CONVERSION = YES;
				CLANG_WARN_DIRECT_OBJC_ISA_USAGE = YES_ERROR;
				CLANG_WARN_EMPTY_BODY = YES;
				CLANG_WARN_ENUM_CONVERSION = YES;
				CLANG_WARN_INT_CONVERSION = YES;
				CLANG_WARN_OBJC_ROOT_CLASS = YES_ERROR;
				CLANG_WARN_UNREACHABLE_CODE = YES;
				CLANG_WARN__DUPLICATE_METHOD_MATCH = YES;
				"CODE_SIGN_IDENTITY[sdk=iphoneos*]" = "iPhone Developer";
				COPY_PHASE_STRIP = NO;
				DEBUG_INFORMATION_FORMAT = "dwarf-with-dsym";
				ENABLE_NS_ASSERTIONS = NO;
				ENABLE_STRICT_OBJC_MSGSEND = YES;
				GCC_C_LANGUAGE_STANDARD = gnu99;
				GCC_NO_COMMON_BLOCKS = YES;
				GCC_WARN_64_TO_32_BIT_CONVERSION = YES;
				GCC_WARN_ABOUT_RETURN_TYPE = YES_ERROR;
				GCC_WARN_UNDECLARED_SELECTOR = YES;
				GCC_WARN_UNINITIALIZED_AUTOS = YES_AGGRESSIVE;
				GCC_WARN_UNUSED_FUNCTION = YES;
				GCC_WARN_UNUSED_VARIABLE = YES;
				IPHONEOS_DEPLOYMENT_TARGET = 9.3;
				MTL_ENABLE_DEBUG_INFO = NO;
				SDKROOT = iphoneos;
				TARGETED_DEVICE_FAMILY = "1,2";
				VALIDATE_PRODUCT = YES;
			};
			name = Release;
		};
		D0F0B3771D7E004800D37ABB /* Debug */ = {
			isa = XCBuildConfiguration;
			buildSettings = {
				ASSETCATALOG_COMPILER_APPICON_NAME = AppIcon;
				INFOPLIST_FILE = Rep2.0/Info.plist;
				LD_RUNPATH_SEARCH_PATHS = "$(inherited) @executable_path/Frameworks";
				PRODUCT_BUNDLE_IDENTIFIER = "com.JustinCarver.Rep2-0";
				PRODUCT_NAME = "$(TARGET_NAME)";
			};
			name = Debug;
		};
		D0F0B3781D7E004800D37ABB /* Release */ = {
			isa = XCBuildConfiguration;
			buildSettings = {
				ASSETCATALOG_COMPILER_APPICON_NAME = AppIcon;
				INFOPLIST_FILE = Rep2.0/Info.plist;
				LD_RUNPATH_SEARCH_PATHS = "$(inherited) @executable_path/Frameworks";
				PRODUCT_BUNDLE_IDENTIFIER = "com.JustinCarver.Rep2-0";
				PRODUCT_NAME = "$(TARGET_NAME)";
			};
			name = Release;
		};
/* End XCBuildConfiguration section */

/* Begin XCConfigurationList section */
		D0F0B35F1D7E004800D37ABB /* Build configuration list for PBXProject "Rep2.0" */ = {
			isa = XCConfigurationList;
			buildConfigurations = (
				D0F0B3741D7E004800D37ABB /* Debug */,
				D0F0B3751D7E004800D37ABB /* Release */,
			);
			defaultConfigurationIsVisible = 0;
			defaultConfigurationName = Release;
		};
		D0F0B3761D7E004800D37ABB /* Build configuration list for PBXNativeTarget "Rep2.0" */ = {
			isa = XCConfigurationList;
			buildConfigurations = (
				D0F0B3771D7E004800D37ABB /* Debug */,
				D0F0B3781D7E004800D37ABB /* Release */,
			);
			defaultConfigurationIsVisible = 0;
		};
/* End XCConfigurationList section */
	};
	rootObject = D0F0B35C1D7E004800D37ABB /* Project object */;
}
